{
  "name": "2go-sidebar",
  "lockfileVersion": 3,
  "requires": true,
  "packages": {
    "": {
      "dependencies": {
        "@material-icons/svg": "^1.0.33"
      }
    },
    "node_modules/@material-icons/svg": {
      "version": "1.0.33",
      "resolved": "https://registry.npmjs.org/@material-icons/svg/-/svg-1.0.33.tgz",
      "integrity": "sha512-sYXcybBWH3rNijK1D6Dv1Se/aZ7OAC2cCNkn4HiZOXQwkswtRVoDqHPw+GfsBoIC70UintfPXUsmiuaxMicWtw==",
      "license": "Apache-2.0"
    }
  }
}
